// !$*UTF8*$!
{
	archiveVersion = 1;
	classes = {
	};
	objectVersion = 51;
	objects = {

/* Begin PBXBuildFile section */
		3E1C213990F21AE419FF99EA /* Pods_SPHTests.framework in Frameworks */ = {isa = PBXBuildFile; fileRef = 3A2967E533E0E3DB49863462 /* Pods_SPHTests.framework */; };
		650B7AB80629EB03C0616DB1 /* Pods_SPH_SPHUITests.framework in Frameworks */ = {isa = PBXBuildFile; fileRef = 6F22C376CA0D8C26D3E221DC /* Pods_SPH_SPHUITests.framework */; };
		E34FDA0D8FD6061D639315D2 /* Pods_SPH.framework in Frameworks */ = {isa = PBXBuildFile; fileRef = D167F413F96AE050EC1BFA06 /* Pods_SPH.framework */; };
		F710A6C22477BA810003F677 /* HelperFunctions.swift in Sources */ = {isa = PBXBuildFile; fileRef = F710A6C12477BA810003F677 /* HelperFunctions.swift */; };
		F771BF1E2478BE99008D17D0 /* SpinnerVC.swift in Sources */ = {isa = PBXBuildFile; fileRef = F771BF1D2478BE99008D17D0 /* SpinnerVC.swift */; };
		F773FFF02477711B00461607 /* DataUsageVCViewModel.swift in Sources */ = {isa = PBXBuildFile; fileRef = F773FFEF2477711B00461607 /* DataUsageVCViewModel.swift */; };
		F773FFF2247776E400461607 /* Entry.swift in Sources */ = {isa = PBXBuildFile; fileRef = F773FFF1247776E400461607 /* Entry.swift */; };
		F773FFF524779B6700461607 /* DataUsageListTests.swift in Sources */ = {isa = PBXBuildFile; fileRef = F773FFF424779B6700461607 /* DataUsageListTests.swift */; };
		F7778C1F2476A19900A630AD /* AppDelegate.swift in Sources */ = {isa = PBXBuildFile; fileRef = F7778C1E2476A19900A630AD /* AppDelegate.swift */; };
		F7778C282476A19A00A630AD /* Assets.xcassets in Resources */ = {isa = PBXBuildFile; fileRef = F7778C272476A19A00A630AD /* Assets.xcassets */; };
		F7778C2B2476A19A00A630AD /* LaunchScreen.storyboard in Resources */ = {isa = PBXBuildFile; fileRef = F7778C292476A19A00A630AD /* LaunchScreen.storyboard */; };
		F7778C502476A31900A630AD /* RootControllerService.swift in Sources */ = {isa = PBXBuildFile; fileRef = F7778C4F2476A31900A630AD /* RootControllerService.swift */; };
		F7778C532476A33700A630AD /* ServiceDispatcher.swift in Sources */ = {isa = PBXBuildFile; fileRef = F7778C522476A33700A630AD /* ServiceDispatcher.swift */; };
		F7778C582476A66600A630AD /* Coordinator.swift in Sources */ = {isa = PBXBuildFile; fileRef = F7778C572476A66600A630AD /* Coordinator.swift */; };
		F7778C5A2476A7D700A630AD /* ApplicationCoordinator.swift in Sources */ = {isa = PBXBuildFile; fileRef = F7778C592476A7D700A630AD /* ApplicationCoordinator.swift */; };
		F7778C5E2476ADAD00A630AD /* NetworkProvider.swift in Sources */ = {isa = PBXBuildFile; fileRef = F7778C5D2476ADAD00A630AD /* NetworkProvider.swift */; };
		F7778C602476AF8200A630AD /* ReachabilityManager.swift in Sources */ = {isa = PBXBuildFile; fileRef = F7778C5F2476AF8200A630AD /* ReachabilityManager.swift */; };
		F7778C632476B53400A630AD /* AlertWireframe.swift in Sources */ = {isa = PBXBuildFile; fileRef = F7778C622476B53400A630AD /* AlertWireframe.swift */; };
		F7778C662476B78D00A630AD /* BaseModel.swift in Sources */ = {isa = PBXBuildFile; fileRef = F7778C652476B78D00A630AD /* BaseModel.swift */; };
		F7778C6A2476B8FB00A630AD /* BaseTableViewCell.swift in Sources */ = {isa = PBXBuildFile; fileRef = F7778C692476B8FB00A630AD /* BaseTableViewCell.swift */; };
		F7778C6C2476B9C500A630AD /* BaseTableViewController.xib in Resources */ = {isa = PBXBuildFile; fileRef = F7778C6B2476B9C500A630AD /* BaseTableViewController.xib */; };
		F7778C6E2476BDEA00A630AD /* BaseTableViewController.swift in Sources */ = {isa = PBXBuildFile; fileRef = F7778C6D2476BDEA00A630AD /* BaseTableViewController.swift */; };
		F7778C802476C5F200A630AD /* DataUsageListCoordinator.swift in Sources */ = {isa = PBXBuildFile; fileRef = F7778C7F2476C5F200A630AD /* DataUsageListCoordinator.swift */; };
		F7778C822476C61600A630AD /* DataUsageListVC.swift in Sources */ = {isa = PBXBuildFile; fileRef = F7778C812476C61600A630AD /* DataUsageListVC.swift */; };
		F7778C852476C72300A630AD /* UIFonts+Additions.swift in Sources */ = {isa = PBXBuildFile; fileRef = F7778C842476C72300A630AD /* UIFonts+Additions.swift */; };
		F7778C872476C78A00A630AD /* UIColor+Additions.swift in Sources */ = {isa = PBXBuildFile; fileRef = F7778C862476C78A00A630AD /* UIColor+Additions.swift */; };
		F7778C8C2476CD3200A630AD /* EntryCell.xib in Resources */ = {isa = PBXBuildFile; fileRef = F7778C8B2476CD3200A630AD /* EntryCell.xib */; };
		F7778C8E2476CE2D00A630AD /* EntryCell.swift in Sources */ = {isa = PBXBuildFile; fileRef = F7778C8D2476CE2D00A630AD /* EntryCell.swift */; };
		F7C577002476DE2F00A4F4F2 /* DataUsageList.swift in Sources */ = {isa = PBXBuildFile; fileRef = F7C576FF2476DE2F00A4F4F2 /* DataUsageList.swift */; };
		F7C577032476DE9000A4F4F2 /* DataUsageListProvider.swift in Sources */ = {isa = PBXBuildFile; fileRef = F7C577022476DE9000A4F4F2 /* DataUsageListProvider.swift */; };
		F7C92D822478266800C6B739 /* EntryCellTests.swift in Sources */ = {isa = PBXBuildFile; fileRef = F7C92D812478266800C6B739 /* EntryCellTests.swift */; };
		F7ECDA4F2477D29300C43A24 /* EntryTests.swift in Sources */ = {isa = PBXBuildFile; fileRef = F7ECDA4E2477D29300C43A24 /* EntryTests.swift */; };
		F7ECDA522477DA2500C43A24 /* HelperFunctionsTest.swift in Sources */ = {isa = PBXBuildFile; fileRef = F7ECDA512477DA2500C43A24 /* HelperFunctionsTest.swift */; };
		F7ECDA562477F3DF00C43A24 /* UIFontAdditionsTests.swift in Sources */ = {isa = PBXBuildFile; fileRef = F7ECDA552477F3DF00C43A24 /* UIFontAdditionsTests.swift */; };
		F7ECDA592477F78900C43A24 /* AlertWirefameTests.swift in Sources */ = {isa = PBXBuildFile; fileRef = F7ECDA582477F78900C43A24 /* AlertWirefameTests.swift */; };
		F7ECDA5C2477F95000C43A24 /* DataUsageVCViewModelTests.swift in Sources */ = {isa = PBXBuildFile; fileRef = F7ECDA5B2477F95000C43A24 /* DataUsageVCViewModelTests.swift */; };
		F7ECDA5F2478140A00C43A24 /* BaseTableViewCellTests.swift in Sources */ = {isa = PBXBuildFile; fileRef = F7ECDA5E2478140A00C43A24 /* BaseTableViewCellTests.swift */; };
		F7ECDA62247816A500C43A24 /* CoordinatorTests.swift in Sources */ = {isa = PBXBuildFile; fileRef = F7ECDA61247816A500C43A24 /* CoordinatorTests.swift */; };
/* End PBXBuildFile section */

/* Begin PBXContainerItemProxy section */
		F7778C322476A19B00A630AD /* PBXContainerItemProxy */ = {
			isa = PBXContainerItemProxy;
			containerPortal = F7778C132476A19900A630AD /* Project object */;
			proxyType = 1;
			remoteGlobalIDString = F7778C1A2476A19900A630AD;
			remoteInfo = SPH;
		};
		F7778C3D2476A19B00A630AD /* PBXContainerItemProxy */ = {
			isa = PBXContainerItemProxy;
			containerPortal = F7778C132476A19900A630AD /* Project object */;
			proxyType = 1;
			remoteGlobalIDString = F7778C1A2476A19900A630AD;
			remoteInfo = SPH;
		};
/* End PBXContainerItemProxy section */

/* Begin PBXFileReference section */
		1063E0EBC64ACF5D3A884545 /* Pods-SPH-SPHUITests.debug.xcconfig */ = {isa = PBXFileReference; includeInIndex = 1; lastKnownFileType = text.xcconfig; name = "Pods-SPH-SPHUITests.debug.xcconfig"; path = "Target Support Files/Pods-SPH-SPHUITests/Pods-SPH-SPHUITests.debug.xcconfig"; sourceTree = "<group>"; };
		3A2967E533E0E3DB49863462 /* Pods_SPHTests.framework */ = {isa = PBXFileReference; explicitFileType = wrapper.framework; includeInIndex = 0; path = Pods_SPHTests.framework; sourceTree = BUILT_PRODUCTS_DIR; };
		528C571CDA0C4D7FFAD0055E /* Pods-SPHTests.debug.xcconfig */ = {isa = PBXFileReference; includeInIndex = 1; lastKnownFileType = text.xcconfig; name = "Pods-SPHTests.debug.xcconfig"; path = "Target Support Files/Pods-SPHTests/Pods-SPHTests.debug.xcconfig"; sourceTree = "<group>"; };
		533588C04B3117252AA4AEC3 /* Pods-SPH.debug.xcconfig */ = {isa = PBXFileReference; includeInIndex = 1; lastKnownFileType = text.xcconfig; name = "Pods-SPH.debug.xcconfig"; path = "Target Support Files/Pods-SPH/Pods-SPH.debug.xcconfig"; sourceTree = "<group>"; };
		6F22C376CA0D8C26D3E221DC /* Pods_SPH_SPHUITests.framework */ = {isa = PBXFileReference; explicitFileType = wrapper.framework; includeInIndex = 0; path = Pods_SPH_SPHUITests.framework; sourceTree = BUILT_PRODUCTS_DIR; };
		B3C7CA626535F2A26FB8E93D /* Pods-SPH.release.xcconfig */ = {isa = PBXFileReference; includeInIndex = 1; lastKnownFileType = text.xcconfig; name = "Pods-SPH.release.xcconfig"; path = "Target Support Files/Pods-SPH/Pods-SPH.release.xcconfig"; sourceTree = "<group>"; };
		C73214569E51159FAE0A240B /* Pods-SPH-SPHUITests.release.xcconfig */ = {isa = PBXFileReference; includeInIndex = 1; lastKnownFileType = text.xcconfig; name = "Pods-SPH-SPHUITests.release.xcconfig"; path = "Target Support Files/Pods-SPH-SPHUITests/Pods-SPH-SPHUITests.release.xcconfig"; sourceTree = "<group>"; };
		D167F413F96AE050EC1BFA06 /* Pods_SPH.framework */ = {isa = PBXFileReference; explicitFileType = wrapper.framework; includeInIndex = 0; path = Pods_SPH.framework; sourceTree = BUILT_PRODUCTS_DIR; };
		E2A388860EB79FF32D508C43 /* Pods-SPHTests.release.xcconfig */ = {isa = PBXFileReference; includeInIndex = 1; lastKnownFileType = text.xcconfig; name = "Pods-SPHTests.release.xcconfig"; path = "Target Support Files/Pods-SPHTests/Pods-SPHTests.release.xcconfig"; sourceTree = "<group>"; };
		F710A6C12477BA810003F677 /* HelperFunctions.swift */ = {isa = PBXFileReference; lastKnownFileType = sourcecode.swift; path = HelperFunctions.swift; sourceTree = "<group>"; };
		F771BF1D2478BE99008D17D0 /* SpinnerVC.swift */ = {isa = PBXFileReference; lastKnownFileType = sourcecode.swift; path = SpinnerVC.swift; sourceTree = "<group>"; };
		F773FFEF2477711B00461607 /* DataUsageVCViewModel.swift */ = {isa = PBXFileReference; lastKnownFileType = sourcecode.swift; path = DataUsageVCViewModel.swift; sourceTree = "<group>"; };
		F773FFF1247776E400461607 /* Entry.swift */ = {isa = PBXFileReference; lastKnownFileType = sourcecode.swift; path = Entry.swift; sourceTree = "<group>"; };
		F773FFF424779B6700461607 /* DataUsageListTests.swift */ = {isa = PBXFileReference; lastKnownFileType = sourcecode.swift; path = DataUsageListTests.swift; sourceTree = "<group>"; };
		F7778C1B2476A19900A630AD /* SPH.app */ = {isa = PBXFileReference; explicitFileType = wrapper.application; includeInIndex = 0; path = SPH.app; sourceTree = BUILT_PRODUCTS_DIR; };
		F7778C1E2476A19900A630AD /* AppDelegate.swift */ = {isa = PBXFileReference; lastKnownFileType = sourcecode.swift; path = AppDelegate.swift; sourceTree = "<group>"; };
		F7778C272476A19A00A630AD /* Assets.xcassets */ = {isa = PBXFileReference; lastKnownFileType = folder.assetcatalog; path = Assets.xcassets; sourceTree = "<group>"; };
		F7778C2A2476A19A00A630AD /* Base */ = {isa = PBXFileReference; lastKnownFileType = file.storyboard; name = Base; path = Base.lproj/LaunchScreen.storyboard; sourceTree = "<group>"; };
		F7778C2C2476A19A00A630AD /* Info.plist */ = {isa = PBXFileReference; lastKnownFileType = text.plist.xml; path = Info.plist; sourceTree = "<group>"; };
		F7778C312476A19B00A630AD /* SPHTests.xctest */ = {isa = PBXFileReference; explicitFileType = wrapper.cfbundle; includeInIndex = 0; path = SPHTests.xctest; sourceTree = BUILT_PRODUCTS_DIR; };
		F7778C372476A19B00A630AD /* Info.plist */ = {isa = PBXFileReference; lastKnownFileType = text.plist.xml; path = Info.plist; sourceTree = "<group>"; };
		F7778C3C2476A19B00A630AD /* SPHUITests.xctest */ = {isa = PBXFileReference; explicitFileType = wrapper.cfbundle; includeInIndex = 0; path = SPHUITests.xctest; sourceTree = BUILT_PRODUCTS_DIR; };
		F7778C422476A19B00A630AD /* Info.plist */ = {isa = PBXFileReference; lastKnownFileType = text.plist.xml; path = Info.plist; sourceTree = "<group>"; };
		F7778C4F2476A31900A630AD /* RootControllerService.swift */ = {isa = PBXFileReference; lastKnownFileType = sourcecode.swift; path = RootControllerService.swift; sourceTree = "<group>"; };
		F7778C522476A33700A630AD /* ServiceDispatcher.swift */ = {isa = PBXFileReference; lastKnownFileType = sourcecode.swift; path = ServiceDispatcher.swift; sourceTree = "<group>"; };
		F7778C572476A66600A630AD /* Coordinator.swift */ = {isa = PBXFileReference; lastKnownFileType = sourcecode.swift; path = Coordinator.swift; sourceTree = "<group>"; };
		F7778C592476A7D700A630AD /* ApplicationCoordinator.swift */ = {isa = PBXFileReference; lastKnownFileType = sourcecode.swift; path = ApplicationCoordinator.swift; sourceTree = "<group>"; };
		F7778C5D2476ADAD00A630AD /* NetworkProvider.swift */ = {isa = PBXFileReference; lastKnownFileType = sourcecode.swift; path = NetworkProvider.swift; sourceTree = "<group>"; };
		F7778C5F2476AF8200A630AD /* ReachabilityManager.swift */ = {isa = PBXFileReference; lastKnownFileType = sourcecode.swift; path = ReachabilityManager.swift; sourceTree = "<group>"; };
		F7778C622476B53400A630AD /* AlertWireframe.swift */ = {isa = PBXFileReference; lastKnownFileType = sourcecode.swift; path = AlertWireframe.swift; sourceTree = "<group>"; };
		F7778C652476B78D00A630AD /* BaseModel.swift */ = {isa = PBXFileReference; lastKnownFileType = sourcecode.swift; path = BaseModel.swift; sourceTree = "<group>"; };
		F7778C692476B8FB00A630AD /* BaseTableViewCell.swift */ = {isa = PBXFileReference; lastKnownFileType = sourcecode.swift; path = BaseTableViewCell.swift; sourceTree = "<group>"; };
		F7778C6B2476B9C500A630AD /* BaseTableViewController.xib */ = {isa = PBXFileReference; lastKnownFileType = file.xib; path = BaseTableViewController.xib; sourceTree = "<group>"; };
		F7778C6D2476BDEA00A630AD /* BaseTableViewController.swift */ = {isa = PBXFileReference; lastKnownFileType = sourcecode.swift; path = BaseTableViewController.swift; sourceTree = "<group>"; };
		F7778C7F2476C5F200A630AD /* DataUsageListCoordinator.swift */ = {isa = PBXFileReference; fileEncoding = 4; lastKnownFileType = sourcecode.swift; path = DataUsageListCoordinator.swift; sourceTree = "<group>"; };
		F7778C812476C61600A630AD /* DataUsageListVC.swift */ = {isa = PBXFileReference; fileEncoding = 4; lastKnownFileType = sourcecode.swift; path = DataUsageListVC.swift; sourceTree = "<group>"; };
		F7778C842476C72300A630AD /* UIFonts+Additions.swift */ = {isa = PBXFileReference; lastKnownFileType = sourcecode.swift; path = "UIFonts+Additions.swift"; sourceTree = "<group>"; };
		F7778C862476C78A00A630AD /* UIColor+Additions.swift */ = {isa = PBXFileReference; lastKnownFileType = sourcecode.swift; path = "UIColor+Additions.swift"; sourceTree = "<group>"; };
		F7778C8B2476CD3200A630AD /* EntryCell.xib */ = {isa = PBXFileReference; lastKnownFileType = file.xib; path = EntryCell.xib; sourceTree = "<group>"; };
		F7778C8D2476CE2D00A630AD /* EntryCell.swift */ = {isa = PBXFileReference; lastKnownFileType = sourcecode.swift; path = EntryCell.swift; sourceTree = "<group>"; };
		F7C576FF2476DE2F00A4F4F2 /* DataUsageList.swift */ = {isa = PBXFileReference; lastKnownFileType = sourcecode.swift; path = DataUsageList.swift; sourceTree = "<group>"; };
		F7C577022476DE9000A4F4F2 /* DataUsageListProvider.swift */ = {isa = PBXFileReference; lastKnownFileType = sourcecode.swift; path = DataUsageListProvider.swift; sourceTree = "<group>"; };
		F7C92D812478266800C6B739 /* EntryCellTests.swift */ = {isa = PBXFileReference; lastKnownFileType = sourcecode.swift; path = EntryCellTests.swift; sourceTree = "<group>"; };
		F7ECDA4E2477D29300C43A24 /* EntryTests.swift */ = {isa = PBXFileReference; lastKnownFileType = sourcecode.swift; path = EntryTests.swift; sourceTree = "<group>"; };
		F7ECDA512477DA2500C43A24 /* HelperFunctionsTest.swift */ = {isa = PBXFileReference; lastKnownFileType = sourcecode.swift; path = HelperFunctionsTest.swift; sourceTree = "<group>"; };
		F7ECDA552477F3DF00C43A24 /* UIFontAdditionsTests.swift */ = {isa = PBXFileReference; lastKnownFileType = sourcecode.swift; path = UIFontAdditionsTests.swift; sourceTree = "<group>"; };
		F7ECDA582477F78900C43A24 /* AlertWirefameTests.swift */ = {isa = PBXFileReference; lastKnownFileType = sourcecode.swift; path = AlertWirefameTests.swift; sourceTree = "<group>"; };
		F7ECDA5B2477F95000C43A24 /* DataUsageVCViewModelTests.swift */ = {isa = PBXFileReference; lastKnownFileType = sourcecode.swift; path = DataUsageVCViewModelTests.swift; sourceTree = "<group>"; };
		F7ECDA5E2478140A00C43A24 /* BaseTableViewCellTests.swift */ = {isa = PBXFileReference; lastKnownFileType = sourcecode.swift; path = BaseTableViewCellTests.swift; sourceTree = "<group>"; };
		F7ECDA61247816A500C43A24 /* CoordinatorTests.swift */ = {isa = PBXFileReference; lastKnownFileType = sourcecode.swift; path = CoordinatorTests.swift; sourceTree = "<group>"; };
/* End PBXFileReference section */

/* Begin PBXFrameworksBuildPhase section */
		F7778C182476A19900A630AD /* Frameworks */ = {
			isa = PBXFrameworksBuildPhase;
			buildActionMask = 2147483647;
			files = (
				E34FDA0D8FD6061D639315D2 /* Pods_SPH.framework in Frameworks */,
			);
			runOnlyForDeploymentPostprocessing = 0;
		};
		F7778C2E2476A19B00A630AD /* Frameworks */ = {
			isa = PBXFrameworksBuildPhase;
			buildActionMask = 2147483647;
			files = (
				3E1C213990F21AE419FF99EA /* Pods_SPHTests.framework in Frameworks */,
			);
			runOnlyForDeploymentPostprocessing = 0;
		};
		F7778C392476A19B00A630AD /* Frameworks */ = {
			isa = PBXFrameworksBuildPhase;
			buildActionMask = 2147483647;
			files = (
				650B7AB80629EB03C0616DB1 /* Pods_SPH_SPHUITests.framework in Frameworks */,
			);
			runOnlyForDeploymentPostprocessing = 0;
		};
/* End PBXFrameworksBuildPhase section */

/* Begin PBXGroup section */
		1ED12E297C7CC3D1E18C9AEB /* Pods */ = {
			isa = PBXGroup;
			children = (
				533588C04B3117252AA4AEC3 /* Pods-SPH.debug.xcconfig */,
				B3C7CA626535F2A26FB8E93D /* Pods-SPH.release.xcconfig */,
				1063E0EBC64ACF5D3A884545 /* Pods-SPH-SPHUITests.debug.xcconfig */,
				C73214569E51159FAE0A240B /* Pods-SPH-SPHUITests.release.xcconfig */,
				528C571CDA0C4D7FFAD0055E /* Pods-SPHTests.debug.xcconfig */,
				E2A388860EB79FF32D508C43 /* Pods-SPHTests.release.xcconfig */,
			);
			path = Pods;
			sourceTree = "<group>";
		};
		72BF6536C6AB0955D42A7370 /* Frameworks */ = {
			isa = PBXGroup;
			children = (
				D167F413F96AE050EC1BFA06 /* Pods_SPH.framework */,
				6F22C376CA0D8C26D3E221DC /* Pods_SPH_SPHUITests.framework */,
				3A2967E533E0E3DB49863462 /* Pods_SPHTests.framework */,
			);
			name = Frameworks;
			sourceTree = "<group>";
		};
		F771BF1C2478BE78008D17D0 /* LoadingIndicator */ = {
			isa = PBXGroup;
			children = (
				F771BF1D2478BE99008D17D0 /* SpinnerVC.swift */,
			);
			path = LoadingIndicator;
			sourceTree = "<group>";
		};
		F773FFF324779B3D00461607 /* Module */ = {
			isa = PBXGroup;
			children = (
				F773FFF424779B6700461607 /* DataUsageListTests.swift */,
			);
			path = Module;
			sourceTree = "<group>";
		};
		F7778C122476A19900A630AD = {
			isa = PBXGroup;
			children = (
				F7778C1D2476A19900A630AD /* SPH */,
				F7778C342476A19B00A630AD /* SPHTests */,
				F7778C3F2476A19B00A630AD /* SPHUITests */,
				F7778C1C2476A19900A630AD /* Products */,
				1ED12E297C7CC3D1E18C9AEB /* Pods */,
				72BF6536C6AB0955D42A7370 /* Frameworks */,
			);
			sourceTree = "<group>";
		};
		F7778C1C2476A19900A630AD /* Products */ = {
			isa = PBXGroup;
			children = (
				F7778C1B2476A19900A630AD /* SPH.app */,
				F7778C312476A19B00A630AD /* SPHTests.xctest */,
				F7778C3C2476A19B00A630AD /* SPHUITests.xctest */,
			);
			name = Products;
			sourceTree = "<group>";
		};
		F7778C1D2476A19900A630AD /* SPH */ = {
			isa = PBXGroup;
			children = (
				F7778C672476B8BA00A630AD /* UIComponents */,
				F7778C5C2476AD6700A630AD /* Network */,
				F7778C4E2476A2B200A630AD /* AppDelegate */,
				F7778C552476A60C00A630AD /* Shared */,
				F7778C762476C20800A630AD /* Modules */,
				F7778C272476A19A00A630AD /* Assets.xcassets */,
				F7778C292476A19A00A630AD /* LaunchScreen.storyboard */,
				F7778C2C2476A19A00A630AD /* Info.plist */,
			);
			path = SPH;
			sourceTree = "<group>";
		};
		F7778C342476A19B00A630AD /* SPHTests */ = {
			isa = PBXGroup;
			children = (
				F7ECDA532477F3B300C43A24 /* UIComponents */,
				F7ECDA502477DA1000C43A24 /* Shared */,
				F7ECDA4B2477D26E00C43A24 /* Modules */,
				F7778C372476A19B00A630AD /* Info.plist */,
			);
			path = SPHTests;
			sourceTree = "<group>";
		};
		F7778C3F2476A19B00A630AD /* SPHUITests */ = {
			isa = PBXGroup;
			children = (
				F773FFF324779B3D00461607 /* Module */,
				F7778C422476A19B00A630AD /* Info.plist */,
			);
			path = SPHUITests;
			sourceTree = "<group>";
		};
		F7778C4E2476A2B200A630AD /* AppDelegate */ = {
			isa = PBXGroup;
			children = (
				F7778C1E2476A19900A630AD /* AppDelegate.swift */,
				F7778C4F2476A31900A630AD /* RootControllerService.swift */,
				F7778C522476A33700A630AD /* ServiceDispatcher.swift */,
			);
			path = AppDelegate;
			sourceTree = "<group>";
		};
		F7778C552476A60C00A630AD /* Shared */ = {
			isa = PBXGroup;
			children = (
				F7778C642476B77900A630AD /* Models */,
				F7778C612476B51F00A630AD /* Alerts */,
				F7778C562476A61F00A630AD /* Navigation */,
				F710A6C12477BA810003F677 /* HelperFunctions.swift */,
			);
			path = Shared;
			sourceTree = "<group>";
		};
		F7778C562476A61F00A630AD /* Navigation */ = {
			isa = PBXGroup;
			children = (
				F7778C572476A66600A630AD /* Coordinator.swift */,
				F7778C592476A7D700A630AD /* ApplicationCoordinator.swift */,
			);
			path = Navigation;
			sourceTree = "<group>";
		};
		F7778C5C2476AD6700A630AD /* Network */ = {
			isa = PBXGroup;
			children = (
				F7778C5D2476ADAD00A630AD /* NetworkProvider.swift */,
				F7778C5F2476AF8200A630AD /* ReachabilityManager.swift */,
			);
			path = Network;
			sourceTree = "<group>";
		};
		F7778C612476B51F00A630AD /* Alerts */ = {
			isa = PBXGroup;
			children = (
				F7778C622476B53400A630AD /* AlertWireframe.swift */,
			);
			path = Alerts;
			sourceTree = "<group>";
		};
		F7778C642476B77900A630AD /* Models */ = {
			isa = PBXGroup;
			children = (
				F7778C652476B78D00A630AD /* BaseModel.swift */,
			);
			path = Models;
			sourceTree = "<group>";
		};
		F7778C672476B8BA00A630AD /* UIComponents */ = {
			isa = PBXGroup;
			children = (
				F771BF1C2478BE78008D17D0 /* LoadingIndicator */,
				F7778C882476C78E00A630AD /* Colors */,
				F7778C832476C66D00A630AD /* Fonts */,
				F7778C682476B8D100A630AD /* TableViews */,
			);
			path = UIComponents;
			sourceTree = "<group>";
		};
		F7778C682476B8D100A630AD /* TableViews */ = {
			isa = PBXGroup;
			children = (
				F7778C692476B8FB00A630AD /* BaseTableViewCell.swift */,
				F7778C6B2476B9C500A630AD /* BaseTableViewController.xib */,
				F7778C6D2476BDEA00A630AD /* BaseTableViewController.swift */,
			);
			path = TableViews;
			sourceTree = "<group>";
		};
		F7778C762476C20800A630AD /* Modules */ = {
			isa = PBXGroup;
			children = (
				F7778C892476CCE600A630AD /* DataUsageList */,
			);
			path = Modules;
			sourceTree = "<group>";
		};
		F7778C772476C22100A630AD /* Controllers */ = {
			isa = PBXGroup;
			children = (
				F7778C812476C61600A630AD /* DataUsageListVC.swift */,
			);
			path = Controllers;
			sourceTree = "<group>";
		};
		F7778C782476C22600A630AD /* Coordinators */ = {
			isa = PBXGroup;
			children = (
				F7778C7F2476C5F200A630AD /* DataUsageListCoordinator.swift */,
			);
			path = Coordinators;
			sourceTree = "<group>";
		};
		F7778C792476C22B00A630AD /* ViewModels */ = {
			isa = PBXGroup;
			children = (
				F773FFEF2477711B00461607 /* DataUsageVCViewModel.swift */,
			);
			path = ViewModels;
			sourceTree = "<group>";
		};
		F7778C832476C66D00A630AD /* Fonts */ = {
			isa = PBXGroup;
			children = (
				F7778C842476C72300A630AD /* UIFonts+Additions.swift */,
			);
			path = Fonts;
			sourceTree = "<group>";
		};
		F7778C882476C78E00A630AD /* Colors */ = {
			isa = PBXGroup;
			children = (
				F7778C862476C78A00A630AD /* UIColor+Additions.swift */,
			);
			path = Colors;
			sourceTree = "<group>";
		};
		F7778C892476CCE600A630AD /* DataUsageList */ = {
			isa = PBXGroup;
			children = (
				F7C577012476DE8200A4F4F2 /* Network */,
				F7C576FE2476DE0B00A4F4F2 /* Models */,
				F7778C8A2476CCF900A630AD /* Cells */,
				F7778C782476C22600A630AD /* Coordinators */,
				F7778C772476C22100A630AD /* Controllers */,
				F7778C792476C22B00A630AD /* ViewModels */,
			);
			path = DataUsageList;
			sourceTree = "<group>";
		};
		F7778C8A2476CCF900A630AD /* Cells */ = {
			isa = PBXGroup;
			children = (
				F7778C8B2476CD3200A630AD /* EntryCell.xib */,
				F7778C8D2476CE2D00A630AD /* EntryCell.swift */,
			);
			path = Cells;
			sourceTree = "<group>";
		};
		F7C576FE2476DE0B00A4F4F2 /* Models */ = {
			isa = PBXGroup;
			children = (
				F7C576FF2476DE2F00A4F4F2 /* DataUsageList.swift */,
				F773FFF1247776E400461607 /* Entry.swift */,
			);
			path = Models;
			sourceTree = "<group>";
		};
		F7C577012476DE8200A4F4F2 /* Network */ = {
			isa = PBXGroup;
			children = (
				F7C577022476DE9000A4F4F2 /* DataUsageListProvider.swift */,
			);
			path = Network;
			sourceTree = "<group>";
		};
		F7C92D802478265600C6B739 /* Cells */ = {
			isa = PBXGroup;
			children = (
				F7C92D812478266800C6B739 /* EntryCellTests.swift */,
			);
			path = Cells;
			sourceTree = "<group>";
		};
		F7ECDA4B2477D26E00C43A24 /* Modules */ = {
			isa = PBXGroup;
			children = (
				F7ECDA4C2477D27D00C43A24 /* DataUsageList */,
			);
			path = Modules;
			sourceTree = "<group>";
		};
		F7ECDA4C2477D27D00C43A24 /* DataUsageList */ = {
			isa = PBXGroup;
			children = (
				F7C92D802478265600C6B739 /* Cells */,
				F7ECDA5A2477F93B00C43A24 /* ViewModels */,
				F7ECDA4D2477D28500C43A24 /* Models */,
			);
			path = DataUsageList;
			sourceTree = "<group>";
		};
		F7ECDA4D2477D28500C43A24 /* Models */ = {
			isa = PBXGroup;
			children = (
				F7ECDA4E2477D29300C43A24 /* EntryTests.swift */,
			);
			path = Models;
			sourceTree = "<group>";
		};
		F7ECDA502477DA1000C43A24 /* Shared */ = {
			isa = PBXGroup;
			children = (
				F7ECDA602478169500C43A24 /* Navigations */,
				F7ECDA572477F77400C43A24 /* Alerts */,
				F7ECDA512477DA2500C43A24 /* HelperFunctionsTest.swift */,
			);
			path = Shared;
			sourceTree = "<group>";
		};
		F7ECDA532477F3B300C43A24 /* UIComponents */ = {
			isa = PBXGroup;
			children = (
				F7ECDA5D247813E800C43A24 /* TableViews */,
				F7ECDA542477F3C000C43A24 /* Fonts */,
			);
			path = UIComponents;
			sourceTree = "<group>";
		};
		F7ECDA542477F3C000C43A24 /* Fonts */ = {
			isa = PBXGroup;
			children = (
				F7ECDA552477F3DF00C43A24 /* UIFontAdditionsTests.swift */,
			);
			path = Fonts;
			sourceTree = "<group>";
		};
		F7ECDA572477F77400C43A24 /* Alerts */ = {
			isa = PBXGroup;
			children = (
				F7ECDA582477F78900C43A24 /* AlertWirefameTests.swift */,
			);
			path = Alerts;
			sourceTree = "<group>";
		};
		F7ECDA5A2477F93B00C43A24 /* ViewModels */ = {
			isa = PBXGroup;
			children = (
				F7ECDA5B2477F95000C43A24 /* DataUsageVCViewModelTests.swift */,
			);
			path = ViewModels;
			sourceTree = "<group>";
		};
		F7ECDA5D247813E800C43A24 /* TableViews */ = {
			isa = PBXGroup;
			children = (
				F7ECDA5E2478140A00C43A24 /* BaseTableViewCellTests.swift */,
			);
			path = TableViews;
			sourceTree = "<group>";
		};
		F7ECDA602478169500C43A24 /* Navigations */ = {
			isa = PBXGroup;
			children = (
				F7ECDA61247816A500C43A24 /* CoordinatorTests.swift */,
			);
			path = Navigations;
			sourceTree = "<group>";
		};
/* End PBXGroup section */

/* Begin PBXNativeTarget section */
		F7778C1A2476A19900A630AD /* SPH */ = {
			isa = PBXNativeTarget;
			buildConfigurationList = F7778C452476A19B00A630AD /* Build configuration list for PBXNativeTarget "SPH" */;
			buildPhases = (
				C61911791EA241CDF3781E81 /* [CP] Check Pods Manifest.lock */,
				F7778C172476A19900A630AD /* Sources */,
				F7778C182476A19900A630AD /* Frameworks */,
				F7778C192476A19900A630AD /* Resources */,
				960D6D745BD081F0D22279E6 /* [CP] Embed Pods Frameworks */,
			);
			buildRules = (
			);
			dependencies = (
			);
			name = SPH;
			productName = SPH;
			productReference = F7778C1B2476A19900A630AD /* SPH.app */;
			productType = "com.apple.product-type.application";
		};
		F7778C302476A19B00A630AD /* SPHTests */ = {
			isa = PBXNativeTarget;
			buildConfigurationList = F7778C482476A19B00A630AD /* Build configuration list for PBXNativeTarget "SPHTests" */;
			buildPhases = (
				E2D5DDE5C4DCD06D6604101A /* [CP] Check Pods Manifest.lock */,
				F7778C2D2476A19B00A630AD /* Sources */,
				F7778C2E2476A19B00A630AD /* Frameworks */,
				F7778C2F2476A19B00A630AD /* Resources */,
			);
			buildRules = (
			);
			dependencies = (
				F7778C332476A19B00A630AD /* PBXTargetDependency */,
			);
			name = SPHTests;
			productName = SPHTests;
			productReference = F7778C312476A19B00A630AD /* SPHTests.xctest */;
			productType = "com.apple.product-type.bundle.unit-test";
		};
		F7778C3B2476A19B00A630AD /* SPHUITests */ = {
			isa = PBXNativeTarget;
			buildConfigurationList = F7778C4B2476A19B00A630AD /* Build configuration list for PBXNativeTarget "SPHUITests" */;
			buildPhases = (
				79BAF3AEC568F3BD5BE93769 /* [CP] Check Pods Manifest.lock */,
				F7778C382476A19B00A630AD /* Sources */,
				F7778C392476A19B00A630AD /* Frameworks */,
				F7778C3A2476A19B00A630AD /* Resources */,
				D6E91B2BE630F81998C6FADB /* [CP] Embed Pods Frameworks */,
			);
			buildRules = (
			);
			dependencies = (
				F7778C3E2476A19B00A630AD /* PBXTargetDependency */,
			);
			name = SPHUITests;
			productName = SPHUITests;
			productReference = F7778C3C2476A19B00A630AD /* SPHUITests.xctest */;
			productType = "com.apple.product-type.bundle.ui-testing";
		};
/* End PBXNativeTarget section */

/* Begin PBXProject section */
		F7778C132476A19900A630AD /* Project object */ = {
			isa = PBXProject;
			attributes = {
				LastSwiftUpdateCheck = 1110;
				LastUpgradeCheck = 1110;
				ORGANIZATIONNAME = DerickDev;
				TargetAttributes = {
					F7778C1A2476A19900A630AD = {
						CreatedOnToolsVersion = 11.1;
					};
					F7778C302476A19B00A630AD = {
						CreatedOnToolsVersion = 11.1;
						TestTargetID = F7778C1A2476A19900A630AD;
					};
					F7778C3B2476A19B00A630AD = {
						CreatedOnToolsVersion = 11.1;
						TestTargetID = F7778C1A2476A19900A630AD;
					};
				};
			};
			buildConfigurationList = F7778C162476A19900A630AD /* Build configuration list for PBXProject "SPH" */;
			compatibilityVersion = "Xcode 9.3";
			developmentRegion = en;
			hasScannedForEncodings = 0;
			knownRegions = (
				en,
				Base,
			);
			mainGroup = F7778C122476A19900A630AD;
			productRefGroup = F7778C1C2476A19900A630AD /* Products */;
			projectDirPath = "";
			projectRoot = "";
			targets = (
				F7778C1A2476A19900A630AD /* SPH */,
				F7778C302476A19B00A630AD /* SPHTests */,
				F7778C3B2476A19B00A630AD /* SPHUITests */,
			);
		};
/* End PBXProject section */

/* Begin PBXResourcesBuildPhase section */
		F7778C192476A19900A630AD /* Resources */ = {
			isa = PBXResourcesBuildPhase;
			buildActionMask = 2147483647;
			files = (
				F7778C8C2476CD3200A630AD /* EntryCell.xib in Resources */,
				F7778C2B2476A19A00A630AD /* LaunchScreen.storyboard in Resources */,
				F7778C282476A19A00A630AD /* Assets.xcassets in Resources */,
				F7778C6C2476B9C500A630AD /* BaseTableViewController.xib in Resources */,
			);
			runOnlyForDeploymentPostprocessing = 0;
		};
		F7778C2F2476A19B00A630AD /* Resources */ = {
			isa = PBXResourcesBuildPhase;
			buildActionMask = 2147483647;
			files = (
			);
			runOnlyForDeploymentPostprocessing = 0;
		};
		F7778C3A2476A19B00A630AD /* Resources */ = {
			isa = PBXResourcesBuildPhase;
			buildActionMask = 2147483647;
			files = (
			);
			runOnlyForDeploymentPostprocessing = 0;
		};
/* End PBXResourcesBuildPhase section */

/* Begin PBXShellScriptBuildPhase section */
		79BAF3AEC568F3BD5BE93769 /* [CP] Check Pods Manifest.lock */ = {
			isa = PBXShellScriptBuildPhase;
			buildActionMask = 2147483647;
			files = (
			);
			inputFileListPaths = (
			);
			inputPaths = (
				"${PODS_PODFILE_DIR_PATH}/Podfile.lock",
				"${PODS_ROOT}/Manifest.lock",
			);
			name = "[CP] Check Pods Manifest.lock";
			outputFileListPaths = (
			);
			outputPaths = (
				"$(DERIVED_FILE_DIR)/Pods-SPH-SPHUITests-checkManifestLockResult.txt",
			);
			runOnlyForDeploymentPostprocessing = 0;
			shellPath = /bin/sh;
			shellScript = "diff \"${PODS_PODFILE_DIR_PATH}/Podfile.lock\" \"${PODS_ROOT}/Manifest.lock\" > /dev/null\nif [ $? != 0 ] ; then\n    # print error to STDERR\n    echo \"error: The sandbox is not in sync with the Podfile.lock. Run 'pod install' or update your CocoaPods installation.\" >&2\n    exit 1\nfi\n# This output is used by Xcode 'outputs' to avoid re-running this script phase.\necho \"SUCCESS\" > \"${SCRIPT_OUTPUT_FILE_0}\"\n";
			showEnvVarsInLog = 0;
		};
		960D6D745BD081F0D22279E6 /* [CP] Embed Pods Frameworks */ = {
			isa = PBXShellScriptBuildPhase;
			buildActionMask = 2147483647;
			files = (
			);
			inputFileListPaths = (
				"${PODS_ROOT}/Target Support Files/Pods-SPH/Pods-SPH-frameworks-${CONFIGURATION}-input-files.xcfilelist",
			);
			name = "[CP] Embed Pods Frameworks";
			outputFileListPaths = (
				"${PODS_ROOT}/Target Support Files/Pods-SPH/Pods-SPH-frameworks-${CONFIGURATION}-output-files.xcfilelist",
			);
			runOnlyForDeploymentPostprocessing = 0;
			shellPath = /bin/sh;
			shellScript = "\"${PODS_ROOT}/Target Support Files/Pods-SPH/Pods-SPH-frameworks.sh\"\n";
			showEnvVarsInLog = 0;
		};
		C61911791EA241CDF3781E81 /* [CP] Check Pods Manifest.lock */ = {
			isa = PBXShellScriptBuildPhase;
			buildActionMask = 2147483647;
			files = (
			);
			inputFileListPaths = (
			);
			inputPaths = (
				"${PODS_PODFILE_DIR_PATH}/Podfile.lock",
				"${PODS_ROOT}/Manifest.lock",
			);
			name = "[CP] Check Pods Manifest.lock";
			outputFileListPaths = (
			);
			outputPaths = (
				"$(DERIVED_FILE_DIR)/Pods-SPH-checkManifestLockResult.txt",
			);
			runOnlyForDeploymentPostprocessing = 0;
			shellPath = /bin/sh;
			shellScript = "diff \"${PODS_PODFILE_DIR_PATH}/Podfile.lock\" \"${PODS_ROOT}/Manifest.lock\" > /dev/null\nif [ $? != 0 ] ; then\n    # print error to STDERR\n    echo \"error: The sandbox is not in sync with the Podfile.lock. Run 'pod install' or update your CocoaPods installation.\" >&2\n    exit 1\nfi\n# This output is used by Xcode 'outputs' to avoid re-running this script phase.\necho \"SUCCESS\" > \"${SCRIPT_OUTPUT_FILE_0}\"\n";
			showEnvVarsInLog = 0;
		};
		D6E91B2BE630F81998C6FADB /* [CP] Embed Pods Frameworks */ = {
			isa = PBXShellScriptBuildPhase;
			buildActionMask = 2147483647;
			files = (
			);
			inputFileListPaths = (
				"${PODS_ROOT}/Target Support Files/Pods-SPH-SPHUITests/Pods-SPH-SPHUITests-frameworks-${CONFIGURATION}-input-files.xcfilelist",
			);
			name = "[CP] Embed Pods Frameworks";
			outputFileListPaths = (
				"${PODS_ROOT}/Target Support Files/Pods-SPH-SPHUITests/Pods-SPH-SPHUITests-frameworks-${CONFIGURATION}-output-files.xcfilelist",
			);
			runOnlyForDeploymentPostprocessing = 0;
			shellPath = /bin/sh;
			shellScript = "\"${PODS_ROOT}/Target Support Files/Pods-SPH-SPHUITests/Pods-SPH-SPHUITests-frameworks.sh\"\n";
			showEnvVarsInLog = 0;
		};
		E2D5DDE5C4DCD06D6604101A /* [CP] Check Pods Manifest.lock */ = {
			isa = PBXShellScriptBuildPhase;
			buildActionMask = 2147483647;
			files = (
			);
			inputFileListPaths = (
			);
			inputPaths = (
				"${PODS_PODFILE_DIR_PATH}/Podfile.lock",
				"${PODS_ROOT}/Manifest.lock",
			);
			name = "[CP] Check Pods Manifest.lock";
			outputFileListPaths = (
			);
			outputPaths = (
				"$(DERIVED_FILE_DIR)/Pods-SPHTests-checkManifestLockResult.txt",
			);
			runOnlyForDeploymentPostprocessing = 0;
			shellPath = /bin/sh;
			shellScript = "diff \"${PODS_PODFILE_DIR_PATH}/Podfile.lock\" \"${PODS_ROOT}/Manifest.lock\" > /dev/null\nif [ $? != 0 ] ; then\n    # print error to STDERR\n    echo \"error: The sandbox is not in sync with the Podfile.lock. Run 'pod install' or update your CocoaPods installation.\" >&2\n    exit 1\nfi\n# This output is used by Xcode 'outputs' to avoid re-running this script phase.\necho \"SUCCESS\" > \"${SCRIPT_OUTPUT_FILE_0}\"\n";
			showEnvVarsInLog = 0;
		};
/* End PBXShellScriptBuildPhase section */

/* Begin PBXSourcesBuildPhase section */
		F7778C172476A19900A630AD /* Sources */ = {
			isa = PBXSourcesBuildPhase;
			buildActionMask = 2147483647;
			files = (
				F7778C662476B78D00A630AD /* BaseModel.swift in Sources */,
				F7778C872476C78A00A630AD /* UIColor+Additions.swift in Sources */,
				F7778C582476A66600A630AD /* Coordinator.swift in Sources */,
				F7778C632476B53400A630AD /* AlertWireframe.swift in Sources */,
				F7778C1F2476A19900A630AD /* AppDelegate.swift in Sources */,
				F7778C852476C72300A630AD /* UIFonts+Additions.swift in Sources */,
				F7778C602476AF8200A630AD /* ReachabilityManager.swift in Sources */,
				F7778C5A2476A7D700A630AD /* ApplicationCoordinator.swift in Sources */,
				F7778C822476C61600A630AD /* DataUsageListVC.swift in Sources */,
				F7778C532476A33700A630AD /* ServiceDispatcher.swift in Sources */,
				F771BF1E2478BE99008D17D0 /* SpinnerVC.swift in Sources */,
				F7778C502476A31900A630AD /* RootControllerService.swift in Sources */,
				F7778C802476C5F200A630AD /* DataUsageListCoordinator.swift in Sources */,
				F773FFF02477711B00461607 /* DataUsageVCViewModel.swift in Sources */,
				F7778C8E2476CE2D00A630AD /* EntryCell.swift in Sources */,
				F710A6C22477BA810003F677 /* HelperFunctions.swift in Sources */,
				F7778C6A2476B8FB00A630AD /* BaseTableViewCell.swift in Sources */,
				F773FFF2247776E400461607 /* Entry.swift in Sources */,
				F7778C6E2476BDEA00A630AD /* BaseTableViewController.swift in Sources */,
				F7C577002476DE2F00A4F4F2 /* DataUsageList.swift in Sources */,
				F7C577032476DE9000A4F4F2 /* DataUsageListProvider.swift in Sources */,
				F7778C5E2476ADAD00A630AD /* NetworkProvider.swift in Sources */,
			);
			runOnlyForDeploymentPostprocessing = 0;
		};
		F7778C2D2476A19B00A630AD /* Sources */ = {
			isa = PBXSourcesBuildPhase;
			buildActionMask = 2147483647;
			files = (
				F7ECDA5F2478140A00C43A24 /* BaseTableViewCellTests.swift in Sources */,
				F7ECDA62247816A500C43A24 /* CoordinatorTests.swift in Sources */,
				F7ECDA5C2477F95000C43A24 /* DataUsageVCViewModelTests.swift in Sources */,
				F7ECDA562477F3DF00C43A24 /* UIFontAdditionsTests.swift in Sources */,
				F7C92D822478266800C6B739 /* EntryCellTests.swift in Sources */,
				F7ECDA4F2477D29300C43A24 /* EntryTests.swift in Sources */,
				F7ECDA592477F78900C43A24 /* AlertWirefameTests.swift in Sources */,
				F7ECDA522477DA2500C43A24 /* HelperFunctionsTest.swift in Sources */,
			);
			runOnlyForDeploymentPostprocessing = 0;
		};
		F7778C382476A19B00A630AD /* Sources */ = {
			isa = PBXSourcesBuildPhase;
			buildActionMask = 2147483647;
			files = (
				F773FFF524779B6700461607 /* DataUsageListTests.swift in Sources */,
			);
			runOnlyForDeploymentPostprocessing = 0;
		};
/* End PBXSourcesBuildPhase section */

/* Begin PBXTargetDependency section */
		F7778C332476A19B00A630AD /* PBXTargetDependency */ = {
			isa = PBXTargetDependency;
			target = F7778C1A2476A19900A630AD /* SPH */;
			targetProxy = F7778C322476A19B00A630AD /* PBXContainerItemProxy */;
		};
		F7778C3E2476A19B00A630AD /* PBXTargetDependency */ = {
			isa = PBXTargetDependency;
			target = F7778C1A2476A19900A630AD /* SPH */;
			targetProxy = F7778C3D2476A19B00A630AD /* PBXContainerItemProxy */;
		};
/* End PBXTargetDependency section */

/* Begin PBXVariantGroup section */
		F7778C292476A19A00A630AD /* LaunchScreen.storyboard */ = {
			isa = PBXVariantGroup;
			children = (
				F7778C2A2476A19A00A630AD /* Base */,
			);
			name = LaunchScreen.storyboard;
			sourceTree = "<group>";
		};
/* End PBXVariantGroup section */

/* Begin XCBuildConfiguration section */
		F7778C432476A19B00A630AD /* Debug */ = {
			isa = XCBuildConfiguration;
			buildSettings = {
				ALWAYS_SEARCH_USER_PATHS = NO;
				CLANG_ANALYZER_NONNULL = YES;
				CLANG_ANALYZER_NUMBER_OBJECT_CONVERSION = YES_AGGRESSIVE;
				CLANG_CXX_LANGUAGE_STANDARD = "gnu++14";
				CLANG_CXX_LIBRARY = "libc++";
				CLANG_ENABLE_MODULES = YES;
				CLANG_ENABLE_OBJC_ARC = YES;
				CLANG_ENABLE_OBJC_WEAK = YES;
				CLANG_WARN_BLOCK_CAPTURE_AUTORELEASING = YES;
				CLANG_WARN_BOOL_CONVERSION = YES;
				CLANG_WARN_COMMA = YES;
				CLANG_WARN_CONSTANT_CONVERSION = YES;
				CLANG_WARN_DEPRECATED_OBJC_IMPLEMENTATIONS = YES;
				CLANG_WARN_DIRECT_OBJC_ISA_USAGE = YES_ERROR;
				CLANG_WARN_DOCUMENTATION_COMMENTS = YES;
				CLANG_WARN_EMPTY_BODY = YES;
				CLANG_WARN_ENUM_CONVERSION = YES;
				CLANG_WARN_INFINITE_RECURSION = YES;
				CLANG_WARN_INT_CONVERSION = YES;
				CLANG_WARN_NON_LITERAL_NULL_CONVERSION = YES;
				CLANG_WARN_OBJC_IMPLICIT_RETAIN_SELF = YES;
				CLANG_WARN_OBJC_LITERAL_CONVERSION = YES;
				CLANG_WARN_OBJC_ROOT_CLASS = YES_ERROR;
				CLANG_WARN_RANGE_LOOP_ANALYSIS = YES;
				CLANG_WARN_STRICT_PROTOTYPES = YES;
				CLANG_WARN_SUSPICIOUS_MOVE = YES;
				CLANG_WARN_UNGUARDED_AVAILABILITY = YES_AGGRESSIVE;
				CLANG_WARN_UNREACHABLE_CODE = YES;
				CLANG_WARN__DUPLICATE_METHOD_MATCH = YES;
				COPY_PHASE_STRIP = NO;
				DEBUG_INFORMATION_FORMAT = dwarf;
				ENABLE_STRICT_OBJC_MSGSEND = YES;
				ENABLE_TESTABILITY = YES;
				GCC_C_LANGUAGE_STANDARD = gnu11;
				GCC_DYNAMIC_NO_PIC = NO;
				GCC_NO_COMMON_BLOCKS = YES;
				GCC_OPTIMIZATION_LEVEL = 0;
				GCC_PREPROCESSOR_DEFINITIONS = (
					"DEBUG=1",
					"$(inherited)",
				);
				GCC_WARN_64_TO_32_BIT_CONVERSION = YES;
				GCC_WARN_ABOUT_RETURN_TYPE = YES_ERROR;
				GCC_WARN_UNDECLARED_SELECTOR = YES;
				GCC_WARN_UNINITIALIZED_AUTOS = YES_AGGRESSIVE;
				GCC_WARN_UNUSED_FUNCTION = YES;
				GCC_WARN_UNUSED_VARIABLE = YES;
				IPHONEOS_DEPLOYMENT_TARGET = 13.1;
				MTL_ENABLE_DEBUG_INFO = INCLUDE_SOURCE;
				MTL_FAST_MATH = YES;
				ONLY_ACTIVE_ARCH = YES;
				SDKROOT = iphoneos;
				SWIFT_ACTIVE_COMPILATION_CONDITIONS = DEBUG;
				SWIFT_OPTIMIZATION_LEVEL = "-Onone";
			};
			name = Debug;
		};
		F7778C442476A19B00A630AD /* Release */ = {
			isa = XCBuildConfiguration;
			buildSettings = {
				ALWAYS_SEARCH_USER_PATHS = NO;
				CLANG_ANALYZER_NONNULL = YES;
				CLANG_ANALYZER_NUMBER_OBJECT_CONVERSION = YES_AGGRESSIVE;
				CLANG_CXX_LANGUAGE_STANDARD = "gnu++14";
				CLANG_CXX_LIBRARY = "libc++";
				CLANG_ENABLE_MODULES = YES;
				CLANG_ENABLE_OBJC_ARC = YES;
				CLANG_ENABLE_OBJC_WEAK = YES;
				CLANG_WARN_BLOCK_CAPTURE_AUTORELEASING = YES;
				CLANG_WARN_BOOL_CONVERSION = YES;
				CLANG_WARN_COMMA = YES;
				CLANG_WARN_CONSTANT_CONVERSION = YES;
				CLANG_WARN_DEPRECATED_OBJC_IMPLEMENTATIONS = YES;
				CLANG_WARN_DIRECT_OBJC_ISA_USAGE = YES_ERROR;
				CLANG_WARN_DOCUMENTATION_COMMENTS = YES;
				CLANG_WARN_EMPTY_BODY = YES;
				CLANG_WARN_ENUM_CONVERSION = YES;
				CLANG_WARN_INFINITE_RECURSION = YES;
				CLANG_WARN_INT_CONVERSION = YES;
				CLANG_WARN_NON_LITERAL_NULL_CONVERSION = YES;
				CLANG_WARN_OBJC_IMPLICIT_RETAIN_SELF = YES;
				CLANG_WARN_OBJC_LITERAL_CONVERSION = YES;
				CLANG_WARN_OBJC_ROOT_CLASS = YES_ERROR;
				CLANG_WARN_RANGE_LOOP_ANALYSIS = YES;
				CLANG_WARN_STRICT_PROTOTYPES = YES;
				CLANG_WARN_SUSPICIOUS_MOVE = YES;
				CLANG_WARN_UNGUARDED_AVAILABILITY = YES_AGGRESSIVE;
				CLANG_WARN_UNREACHABLE_CODE = YES;
				CLANG_WARN__DUPLICATE_METHOD_MATCH = YES;
				COPY_PHASE_STRIP = NO;
				DEBUG_INFORMATION_FORMAT = "dwarf-with-dsym";
				ENABLE_NS_ASSERTIONS = NO;
				ENABLE_STRICT_OBJC_MSGSEND = YES;
				GCC_C_LANGUAGE_STANDARD = gnu11;
				GCC_NO_COMMON_BLOCKS = YES;
				GCC_WARN_64_TO_32_BIT_CONVERSION = YES;
				GCC_WARN_ABOUT_RETURN_TYPE = YES_ERROR;
				GCC_WARN_UNDECLARED_SELECTOR = YES;
				GCC_WARN_UNINITIALIZED_AUTOS = YES_AGGRESSIVE;
				GCC_WARN_UNUSED_FUNCTION = YES;
				GCC_WARN_UNUSED_VARIABLE = YES;
				IPHONEOS_DEPLOYMENT_TARGET = 13.1;
				MTL_ENABLE_DEBUG_INFO = NO;
				MTL_FAST_MATH = YES;
				SDKROOT = iphoneos;
				SWIFT_COMPILATION_MODE = wholemodule;
				SWIFT_OPTIMIZATION_LEVEL = "-O";
				VALIDATE_PRODUCT = YES;
			};
			name = Release;
		};
		F7778C462476A19B00A630AD /* Debug */ = {
			isa = XCBuildConfiguration;
			baseConfigurationReference = 533588C04B3117252AA4AEC3 /* Pods-SPH.debug.xcconfig */;
			buildSettings = {
				ASSETCATALOG_COMPILER_APPICON_NAME = AppIcon;
				CODE_SIGN_STYLE = Automatic;
				DEVELOPMENT_TEAM = YMGP992CD8;
				INFOPLIST_FILE = SPH/Info.plist;
				IPHONEOS_DEPLOYMENT_TARGET = 12.0;
				LD_RUNPATH_SEARCH_PATHS = (
					"$(inherited)",
					"@executable_path/Frameworks",
				);
				PRODUCT_BUNDLE_IDENTIFIER = io.DerickDev.SPH;
				PRODUCT_NAME = "$(TARGET_NAME)";
				SWIFT_VERSION = 5.0;
				TARGETED_DEVICE_FAMILY = "1,2";
			};
			name = Debug;
		};
		F7778C472476A19B00A630AD /* Release */ = {
			isa = XCBuildConfiguration;
			baseConfigurationReference = B3C7CA626535F2A26FB8E93D /* Pods-SPH.release.xcconfig */;
			buildSettings = {
				ASSETCATALOG_COMPILER_APPICON_NAME = AppIcon;
				CODE_SIGN_STYLE = Automatic;
				DEVELOPMENT_TEAM = YMGP992CD8;
				INFOPLIST_FILE = SPH/Info.plist;
				IPHONEOS_DEPLOYMENT_TARGET = 12.0;
				LD_RUNPATH_SEARCH_PATHS = (
					"$(inherited)",
					"@executable_path/Frameworks",
				);
				PRODUCT_BUNDLE_IDENTIFIER = io.DerickDev.SPH;
				PRODUCT_NAME = "$(TARGET_NAME)";
				SWIFT_VERSION = 5.0;
				TARGETED_DEVICE_FAMILY = "1,2";
			};
			name = Release;
		};
		F7778C492476A19B00A630AD /* Debug */ = {
			isa = XCBuildConfiguration;
			baseConfigurationReference = 528C571CDA0C4D7FFAD0055E /* Pods-SPHTests.debug.xcconfig */;
			buildSettings = {
				ALWAYS_EMBED_SWIFT_STANDARD_LIBRARIES = YES;
				BUNDLE_LOADER = "$(TEST_HOST)";
				CODE_SIGN_STYLE = Automatic;
				DEVELOPMENT_TEAM = YMGP992CD8;
				INFOPLIST_FILE = SPHTests/Info.plist;
				IPHONEOS_DEPLOYMENT_TARGET = 13.1;
				LD_RUNPATH_SEARCH_PATHS = (
					"$(inherited)",
					"@executable_path/Frameworks",
					"@loader_path/Frameworks",
				);
				PRODUCT_BUNDLE_IDENTIFIER = io.DerickDev.SPHTests;
				PRODUCT_NAME = "$(TARGET_NAME)";
				SWIFT_VERSION = 5.0;
				TARGETED_DEVICE_FAMILY = "1,2";
				TEST_HOST = "$(BUILT_PRODUCTS_DIR)/SPH.app/SPH";
			};
			name = Debug;
		};
		F7778C4A2476A19B00A630AD /* Release */ = {
			isa = XCBuildConfiguration;
			baseConfigurationReference = E2A388860EB79FF32D508C43 /* Pods-SPHTests.release.xcconfig */;
			buildSettings = {
				ALWAYS_EMBED_SWIFT_STANDARD_LIBRARIES = YES;
				BUNDLE_LOADER = "$(TEST_HOST)";
				CODE_SIGN_STYLE = Automatic;
				DEVELOPMENT_TEAM = YMGP992CD8;
				INFOPLIST_FILE = SPHTests/Info.plist;
				IPHONEOS_DEPLOYMENT_TARGET = 13.1;
				LD_RUNPATH_SEARCH_PATHS = (
					"$(inherited)",
					"@executable_path/Frameworks",
					"@loader_path/Frameworks",
				);
				PRODUCT_BUNDLE_IDENTIFIER = io.DerickDev.SPHTests;
				PRODUCT_NAME = "$(TARGET_NAME)";
				SWIFT_VERSION = 5.0;
				TARGETED_DEVICE_FAMILY = "1,2";
				TEST_HOST = "$(BUILT_PRODUCTS_DIR)/SPH.app/SPH";
			};
			name = Release;
		};
		F7778C4C2476A19B00A630AD /* Debug */ = {
			isa = XCBuildConfiguration;
			baseConfigurationReference = 1063E0EBC64ACF5D3A884545 /* Pods-SPH-SPHUITests.debug.xcconfig */;
			buildSettings = {
				ALWAYS_EMBED_SWIFT_STANDARD_LIBRARIES = YES;
				CODE_SIGN_STYLE = Automatic;
				DEVELOPMENT_TEAM = YMGP992CD8;
				INFOPLIST_FILE = SPHUITests/Info.plist;
				LD_RUNPATH_SEARCH_PATHS = (
					"$(inherited)",
					"@executable_path/Frameworks",
					"@loader_path/Frameworks",
				);
				PRODUCT_BUNDLE_IDENTIFIER = io.DerickDev.SPHUITests;
				PRODUCT_NAME = "$(TARGET_NAME)";
				SWIFT_VERSION = 5.0;
				TARGETED_DEVICE_FAMILY = "1,2";
				TEST_TARGET_NAME = SPH;
			};
			name = Debug;
		};
		F7778C4D2476A19B00A630AD /* Release */ = {
			isa = XCBuildConfiguration;
			baseConfigurationReference = C73214569E51159FAE0A240B /* Pods-SPH-SPHUITests.release.xcconfig */;
			buildSettings = {
				ALWAYS_EMBED_SWIFT_STANDARD_LIBRARIES = YES;
				CODE_SIGN_STYLE = Automatic;
				DEVELOPMENT_TEAM = YMGP992CD8;
				INFOPLIST_FILE = SPHUITests/Info.plist;
				LD_RUNPATH_SEARCH_PATHS = (
					"$(inherited)",
					"@executable_path/Frameworks",
					"@loader_path/Frameworks",
				);
				PRODUCT_BUNDLE_IDENTIFIER = io.DerickDev.SPHUITests;
				PRODUCT_NAME = "$(TARGET_NAME)";
				SWIFT_VERSION = 5.0;
				TARGETED_DEVICE_FAMILY = "1,2";
				TEST_TARGET_NAME = SPH;
			};
			name = Release;
		};
/* End XCBuildConfiguration section */

/* Begin XCConfigurationList section */
		F7778C162476A19900A630AD /* Build configuration list for PBXProject "SPH" */ = {
			isa = XCConfigurationList;
			buildConfigurations = (
				F7778C432476A19B00A630AD /* Debug */,
				F7778C442476A19B00A630AD /* Release */,
			);
			defaultConfigurationIsVisible = 0;
			defaultConfigurationName = Release;
		};
		F7778C452476A19B00A630AD /* Build configuration list for PBXNativeTarget "SPH" */ = {
			isa = XCConfigurationList;
			buildConfigurations = (
				F7778C462476A19B00A630AD /* Debug */,
				F7778C472476A19B00A630AD /* Release */,
			);
			defaultConfigurationIsVisible = 0;
			defaultConfigurationName = Release;
		};
		F7778C482476A19B00A630AD /* Build configuration list for PBXNativeTarget "SPHTests" */ = {
			isa = XCConfigurationList;
			buildConfigurations = (
				F7778C492476A19B00A630AD /* Debug */,
				F7778C4A2476A19B00A630AD /* Release */,
			);
			defaultConfigurationIsVisible = 0;
			defaultConfigurationName = Release;
		};
		F7778C4B2476A19B00A630AD /* Build configuration list for PBXNativeTarget "SPHUITests" */ = {
			isa = XCConfigurationList;
			buildConfigurations = (
				F7778C4C2476A19B00A630AD /* Debug */,
				F7778C4D2476A19B00A630AD /* Release */,
			);
			defaultConfigurationIsVisible = 0;
			defaultConfigurationName = Release;
		};
/* End XCConfigurationList section */
	};
	rootObject = F7778C132476A19900A630AD /* Project object */;
}
