// !$*UTF8*$!
{
	archiveVersion = 1;
	classes = {
	};
	objectVersion = 50;
	objects = {

/* Begin PBXBuildFile section */
		F7778C1F2476A19900A630AD /* AppDelegate.swift in Sources */ = {isa = PBXBuildFile; fileRef = F7778C1E2476A19900A630AD /* AppDelegate.swift */; };
		F7778C282476A19A00A630AD /* Assets.xcassets in Resources */ = {isa = PBXBuildFile; fileRef = F7778C272476A19A00A630AD /* Assets.xcassets */; };
		F7778C2B2476A19A00A630AD /* LaunchScreen.storyboard in Resources */ = {isa = PBXBuildFile; fileRef = F7778C292476A19A00A630AD /* LaunchScreen.storyboard */; };
		F7778C362476A19B00A630AD /* SPHTests.swift in Sources */ = {isa = PBXBuildFile; fileRef = F7778C352476A19B00A630AD /* SPHTests.swift */; };
		F7778C412476A19B00A630AD /* SPHUITests.swift in Sources */ = {isa = PBXBuildFile; fileRef = F7778C402476A19B00A630AD /* SPHUITests.swift */; };
		F7778C502476A31900A630AD /* RootControllerService.swift in Sources */ = {isa = PBXBuildFile; fileRef = F7778C4F2476A31900A630AD /* RootControllerService.swift */; };
		F7778C532476A33700A630AD /* ServiceDispatcher.swift in Sources */ = {isa = PBXBuildFile; fileRef = F7778C522476A33700A630AD /* ServiceDispatcher.swift */; };
		F7778C582476A66600A630AD /* Coordinator.swift in Sources */ = {isa = PBXBuildFile; fileRef = F7778C572476A66600A630AD /* Coordinator.swift */; };
/* End PBXBuildFile section */

/* Begin PBXContainerItemProxy section */
		F7778C322476A19B00A630AD /* PBXContainerItemProxy */ = {
			isa = PBXContainerItemProxy;
			containerPortal = F7778C132476A19900A630AD /* Project object */;
			proxyType = 1;
			remoteGlobalIDString = F7778C1A2476A19900A630AD;
			remoteInfo = SPH;
		};
		F7778C3D2476A19B00A630AD /* PBXContainerItemProxy */ = {
			isa = PBXContainerItemProxy;
			containerPortal = F7778C132476A19900A630AD /* Project object */;
			proxyType = 1;
			remoteGlobalIDString = F7778C1A2476A19900A630AD;
			remoteInfo = SPH;
		};
/* End PBXContainerItemProxy section */

/* Begin PBXFileReference section */
		F7778C1B2476A19900A630AD /* SPH.app */ = {isa = PBXFileReference; explicitFileType = wrapper.application; includeInIndex = 0; path = SPH.app; sourceTree = BUILT_PRODUCTS_DIR; };
		F7778C1E2476A19900A630AD /* AppDelegate.swift */ = {isa = PBXFileReference; lastKnownFileType = sourcecode.swift; path = AppDelegate.swift; sourceTree = "<group>"; };
		F7778C272476A19A00A630AD /* Assets.xcassets */ = {isa = PBXFileReference; lastKnownFileType = folder.assetcatalog; path = Assets.xcassets; sourceTree = "<group>"; };
		F7778C2A2476A19A00A630AD /* Base */ = {isa = PBXFileReference; lastKnownFileType = file.storyboard; name = Base; path = Base.lproj/LaunchScreen.storyboard; sourceTree = "<group>"; };
		F7778C2C2476A19A00A630AD /* Info.plist */ = {isa = PBXFileReference; lastKnownFileType = text.plist.xml; path = Info.plist; sourceTree = "<group>"; };
		F7778C312476A19B00A630AD /* SPHTests.xctest */ = {isa = PBXFileReference; explicitFileType = wrapper.cfbundle; includeInIndex = 0; path = SPHTests.xctest; sourceTree = BUILT_PRODUCTS_DIR; };
		F7778C352476A19B00A630AD /* SPHTests.swift */ = {isa = PBXFileReference; lastKnownFileType = sourcecode.swift; path = SPHTests.swift; sourceTree = "<group>"; };
		F7778C372476A19B00A630AD /* Info.plist */ = {isa = PBXFileReference; lastKnownFileType = text.plist.xml; path = Info.plist; sourceTree = "<group>"; };
		F7778C3C2476A19B00A630AD /* SPHUITests.xctest */ = {isa = PBXFileReference; explicitFileType = wrapper.cfbundle; includeInIndex = 0; path = SPHUITests.xctest; sourceTree = BUILT_PRODUCTS_DIR; };
		F7778C402476A19B00A630AD /* SPHUITests.swift */ = {isa = PBXFileReference; lastKnownFileType = sourcecode.swift; path = SPHUITests.swift; sourceTree = "<group>"; };
		F7778C422476A19B00A630AD /* Info.plist */ = {isa = PBXFileReference; lastKnownFileType = text.plist.xml; path = Info.plist; sourceTree = "<group>"; };
		F7778C4F2476A31900A630AD /* RootControllerService.swift */ = {isa = PBXFileReference; lastKnownFileType = sourcecode.swift; path = RootControllerService.swift; sourceTree = "<group>"; };
		F7778C522476A33700A630AD /* ServiceDispatcher.swift */ = {isa = PBXFileReference; lastKnownFileType = sourcecode.swift; path = ServiceDispatcher.swift; sourceTree = "<group>"; };
		F7778C572476A66600A630AD /* Coordinator.swift */ = {isa = PBXFileReference; lastKnownFileType = sourcecode.swift; path = Coordinator.swift; sourceTree = "<group>"; };
/* End PBXFileReference section */

/* Begin PBXFrameworksBuildPhase section */
		F7778C182476A19900A630AD /* Frameworks */ = {
			isa = PBXFrameworksBuildPhase;
			buildActionMask = 2147483647;
			files = (
			);
			runOnlyForDeploymentPostprocessing = 0;
		};
		F7778C2E2476A19B00A630AD /* Frameworks */ = {
			isa = PBXFrameworksBuildPhase;
			buildActionMask = 2147483647;
			files = (
			);
			runOnlyForDeploymentPostprocessing = 0;
		};
		F7778C392476A19B00A630AD /* Frameworks */ = {
			isa = PBXFrameworksBuildPhase;
			buildActionMask = 2147483647;
			files = (
			);
			runOnlyForDeploymentPostprocessing = 0;
		};
/* End PBXFrameworksBuildPhase section */

/* Begin PBXGroup section */
		F7778C122476A19900A630AD = {
			isa = PBXGroup;
			children = (
				F7778C1D2476A19900A630AD /* SPH */,
				F7778C342476A19B00A630AD /* SPHTests */,
				F7778C3F2476A19B00A630AD /* SPHUITests */,
				F7778C1C2476A19900A630AD /* Products */,
			);
			sourceTree = "<group>";
		};
		F7778C1C2476A19900A630AD /* Products */ = {
			isa = PBXGroup;
			children = (
				F7778C1B2476A19900A630AD /* SPH.app */,
				F7778C312476A19B00A630AD /* SPHTests.xctest */,
				F7778C3C2476A19B00A630AD /* SPHUITests.xctest */,
			);
			name = Products;
			sourceTree = "<group>";
		};
		F7778C1D2476A19900A630AD /* SPH */ = {
			isa = PBXGroup;
			children = (
				F7778C4E2476A2B200A630AD /* AppDelegate */,
				F7778C552476A60C00A630AD /* Shared */,
				F7778C272476A19A00A630AD /* Assets.xcassets */,
				F7778C292476A19A00A630AD /* LaunchScreen.storyboard */,
				F7778C2C2476A19A00A630AD /* Info.plist */,
			);
			path = SPH;
			sourceTree = "<group>";
		};
		F7778C342476A19B00A630AD /* SPHTests */ = {
			isa = PBXGroup;
			children = (
				F7778C352476A19B00A630AD /* SPHTests.swift */,
				F7778C372476A19B00A630AD /* Info.plist */,
			);
			path = SPHTests;
			sourceTree = "<group>";
		};
		F7778C3F2476A19B00A630AD /* SPHUITests */ = {
			isa = PBXGroup;
			children = (
				F7778C402476A19B00A630AD /* SPHUITests.swift */,
				F7778C422476A19B00A630AD /* Info.plist */,
			);
			path = SPHUITests;
			sourceTree = "<group>";
		};
		F7778C4E2476A2B200A630AD /* AppDelegate */ = {
			isa = PBXGroup;
			children = (
				F7778C1E2476A19900A630AD /* AppDelegate.swift */,
				F7778C4F2476A31900A630AD /* RootControllerService.swift */,
				F7778C522476A33700A630AD /* ServiceDispatcher.swift */,
			);
			path = AppDelegate;
			sourceTree = "<group>";
		};
		F7778C552476A60C00A630AD /* Shared */ = {
			isa = PBXGroup;
			children = (
				F7778C562476A61F00A630AD /* Navigation */,
			);
			path = Shared;
			sourceTree = "<group>";
		};
		F7778C562476A61F00A630AD /* Navigation */ = {
			isa = PBXGroup;
			children = (
				F7778C572476A66600A630AD /* Coordinator.swift */,
			);
			path = Navigation;
			sourceTree = "<group>";
		};
/* End PBXGroup section */

/* Begin PBXNativeTarget section */
		F7778C1A2476A19900A630AD /* SPH */ = {
			isa = PBXNativeTarget;
			buildConfigurationList = F7778C452476A19B00A630AD /* Build configuration list for PBXNativeTarget "SPH" */;
			buildPhases = (
				F7778C172476A19900A630AD /* Sources */,
				F7778C182476A19900A630AD /* Frameworks */,
				F7778C192476A19900A630AD /* Resources */,
			);
			buildRules = (
			);
			dependencies = (
			);
			name = SPH;
			productName = SPH;
			productReference = F7778C1B2476A19900A630AD /* SPH.app */;
			productType = "com.apple.product-type.application";
		};
		F7778C302476A19B00A630AD /* SPHTests */ = {
			isa = PBXNativeTarget;
			buildConfigurationList = F7778C482476A19B00A630AD /* Build configuration list for PBXNativeTarget "SPHTests" */;
			buildPhases = (
				F7778C2D2476A19B00A630AD /* Sources */,
				F7778C2E2476A19B00A630AD /* Frameworks */,
				F7778C2F2476A19B00A630AD /* Resources */,
			);
			buildRules = (
			);
			dependencies = (
				F7778C332476A19B00A630AD /* PBXTargetDependency */,
			);
			name = SPHTests;
			productName = SPHTests;
			productReference = F7778C312476A19B00A630AD /* SPHTests.xctest */;
			productType = "com.apple.product-type.bundle.unit-test";
		};
		F7778C3B2476A19B00A630AD /* SPHUITests */ = {
			isa = PBXNativeTarget;
			buildConfigurationList = F7778C4B2476A19B00A630AD /* Build configuration list for PBXNativeTarget "SPHUITests" */;
			buildPhases = (
				F7778C382476A19B00A630AD /* Sources */,
				F7778C392476A19B00A630AD /* Frameworks */,
				F7778C3A2476A19B00A630AD /* Resources */,
			);
			buildRules = (
			);
			dependencies = (
				F7778C3E2476A19B00A630AD /* PBXTargetDependency */,
			);
			name = SPHUITests;
			productName = SPHUITests;
			productReference = F7778C3C2476A19B00A630AD /* SPHUITests.xctest */;
			productType = "com.apple.product-type.bundle.ui-testing";
		};
/* End PBXNativeTarget section */

/* Begin PBXProject section */
		F7778C132476A19900A630AD /* Project object */ = {
			isa = PBXProject;
			attributes = {
				LastSwiftUpdateCheck = 1110;
				LastUpgradeCheck = 1110;
				ORGANIZATIONNAME = DerickDev;
				TargetAttributes = {
					F7778C1A2476A19900A630AD = {
						CreatedOnToolsVersion = 11.1;
					};
					F7778C302476A19B00A630AD = {
						CreatedOnToolsVersion = 11.1;
						TestTargetID = F7778C1A2476A19900A630AD;
					};
					F7778C3B2476A19B00A630AD = {
						CreatedOnToolsVersion = 11.1;
						TestTargetID = F7778C1A2476A19900A630AD;
					};
				};
			};
			buildConfigurationList = F7778C162476A19900A630AD /* Build configuration list for PBXProject "SPH" */;
			compatibilityVersion = "Xcode 9.3";
			developmentRegion = en;
			hasScannedForEncodings = 0;
			knownRegions = (
				en,
				Base,
			);
			mainGroup = F7778C122476A19900A630AD;
			productRefGroup = F7778C1C2476A19900A630AD /* Products */;
			projectDirPath = "";
			projectRoot = "";
			targets = (
				F7778C1A2476A19900A630AD /* SPH */,
				F7778C302476A19B00A630AD /* SPHTests */,
				F7778C3B2476A19B00A630AD /* SPHUITests */,
			);
		};
/* End PBXProject section */

/* Begin PBXResourcesBuildPhase section */
		F7778C192476A19900A630AD /* Resources */ = {
			isa = PBXResourcesBuildPhase;
			buildActionMask = 2147483647;
			files = (
				F7778C2B2476A19A00A630AD /* LaunchScreen.storyboard in Resources */,
				F7778C282476A19A00A630AD /* Assets.xcassets in Resources */,
			);
			runOnlyForDeploymentPostprocessing = 0;
		};
		F7778C2F2476A19B00A630AD /* Resources */ = {
			isa = PBXResourcesBuildPhase;
			buildActionMask = 2147483647;
			files = (
			);
			runOnlyForDeploymentPostprocessing = 0;
		};
		F7778C3A2476A19B00A630AD /* Resources */ = {
			isa = PBXResourcesBuildPhase;
			buildActionMask = 2147483647;
			files = (
			);
			runOnlyForDeploymentPostprocessing = 0;
		};
/* End PBXResourcesBuildPhase section */

/* Begin PBXSourcesBuildPhase section */
		F7778C172476A19900A630AD /* Sources */ = {
			isa = PBXSourcesBuildPhase;
			buildActionMask = 2147483647;
			files = (
				F7778C582476A66600A630AD /* Coordinator.swift in Sources */,
				F7778C1F2476A19900A630AD /* AppDelegate.swift in Sources */,
				F7778C532476A33700A630AD /* ServiceDispatcher.swift in Sources */,
				F7778C502476A31900A630AD /* RootControllerService.swift in Sources */,
			);
			runOnlyForDeploymentPostprocessing = 0;
		};
		F7778C2D2476A19B00A630AD /* Sources */ = {
			isa = PBXSourcesBuildPhase;
			buildActionMask = 2147483647;
			files = (
				F7778C362476A19B00A630AD /* SPHTests.swift in Sources */,
			);
			runOnlyForDeploymentPostprocessing = 0;
		};
		F7778C382476A19B00A630AD /* Sources */ = {
			isa = PBXSourcesBuildPhase;
			buildActionMask = 2147483647;
			files = (
				F7778C412476A19B00A630AD /* SPHUITests.swift in Sources */,
			);
			runOnlyForDeploymentPostprocessing = 0;
		};
/* End PBXSourcesBuildPhase section */

/* Begin PBXTargetDependency section */
		F7778C332476A19B00A630AD /* PBXTargetDependency */ = {
			isa = PBXTargetDependency;
			target = F7778C1A2476A19900A630AD /* SPH */;
			targetProxy = F7778C322476A19B00A630AD /* PBXContainerItemProxy */;
		};
		F7778C3E2476A19B00A630AD /* PBXTargetDependency */ = {
			isa = PBXTargetDependency;
			target = F7778C1A2476A19900A630AD /* SPH */;
			targetProxy = F7778C3D2476A19B00A630AD /* PBXContainerItemProxy */;
		};
/* End PBXTargetDependency section */

/* Begin PBXVariantGroup section */
		F7778C292476A19A00A630AD /* LaunchScreen.storyboard */ = {
			isa = PBXVariantGroup;
			children = (
				F7778C2A2476A19A00A630AD /* Base */,
			);
			name = LaunchScreen.storyboard;
			sourceTree = "<group>";
		};
/* End PBXVariantGroup section */

/* Begin XCBuildConfiguration section */
		F7778C432476A19B00A630AD /* Debug */ = {
			isa = XCBuildConfiguration;
			buildSettings = {
				ALWAYS_SEARCH_USER_PATHS = NO;
				CLANG_ANALYZER_NONNULL = YES;
				CLANG_ANALYZER_NUMBER_OBJECT_CONVERSION = YES_AGGRESSIVE;
				CLANG_CXX_LANGUAGE_STANDARD = "gnu++14";
				CLANG_CXX_LIBRARY = "libc++";
				CLANG_ENABLE_MODULES = YES;
				CLANG_ENABLE_OBJC_ARC = YES;
				CLANG_ENABLE_OBJC_WEAK = YES;
				CLANG_WARN_BLOCK_CAPTURE_AUTORELEASING = YES;
				CLANG_WARN_BOOL_CONVERSION = YES;
				CLANG_WARN_COMMA = YES;
				CLANG_WARN_CONSTANT_CONVERSION = YES;
				CLANG_WARN_DEPRECATED_OBJC_IMPLEMENTATIONS = YES;
				CLANG_WARN_DIRECT_OBJC_ISA_USAGE = YES_ERROR;
				CLANG_WARN_DOCUMENTATION_COMMENTS = YES;
				CLANG_WARN_EMPTY_BODY = YES;
				CLANG_WARN_ENUM_CONVERSION = YES;
				CLANG_WARN_INFINITE_RECURSION = YES;
				CLANG_WARN_INT_CONVERSION = YES;
				CLANG_WARN_NON_LITERAL_NULL_CONVERSION = YES;
				CLANG_WARN_OBJC_IMPLICIT_RETAIN_SELF = YES;
				CLANG_WARN_OBJC_LITERAL_CONVERSION = YES;
				CLANG_WARN_OBJC_ROOT_CLASS = YES_ERROR;
				CLANG_WARN_RANGE_LOOP_ANALYSIS = YES;
				CLANG_WARN_STRICT_PROTOTYPES = YES;
				CLANG_WARN_SUSPICIOUS_MOVE = YES;
				CLANG_WARN_UNGUARDED_AVAILABILITY = YES_AGGRESSIVE;
				CLANG_WARN_UNREACHABLE_CODE = YES;
				CLANG_WARN__DUPLICATE_METHOD_MATCH = YES;
				COPY_PHASE_STRIP = NO;
				DEBUG_INFORMATION_FORMAT = dwarf;
				ENABLE_STRICT_OBJC_MSGSEND = YES;
				ENABLE_TESTABILITY = YES;
				GCC_C_LANGUAGE_STANDARD = gnu11;
				GCC_DYNAMIC_NO_PIC = NO;
				GCC_NO_COMMON_BLOCKS = YES;
				GCC_OPTIMIZATION_LEVEL = 0;
				GCC_PREPROCESSOR_DEFINITIONS = (
					"DEBUG=1",
					"$(inherited)",
				);
				GCC_WARN_64_TO_32_BIT_CONVERSION = YES;
				GCC_WARN_ABOUT_RETURN_TYPE = YES_ERROR;
				GCC_WARN_UNDECLARED_SELECTOR = YES;
				GCC_WARN_UNINITIALIZED_AUTOS = YES_AGGRESSIVE;
				GCC_WARN_UNUSED_FUNCTION = YES;
				GCC_WARN_UNUSED_VARIABLE = YES;
				IPHONEOS_DEPLOYMENT_TARGET = 13.1;
				MTL_ENABLE_DEBUG_INFO = INCLUDE_SOURCE;
				MTL_FAST_MATH = YES;
				ONLY_ACTIVE_ARCH = YES;
				SDKROOT = iphoneos;
				SWIFT_ACTIVE_COMPILATION_CONDITIONS = DEBUG;
				SWIFT_OPTIMIZATION_LEVEL = "-Onone";
			};
			name = Debug;
		};
		F7778C442476A19B00A630AD /* Release */ = {
			isa = XCBuildConfiguration;
			buildSettings = {
				ALWAYS_SEARCH_USER_PATHS = NO;
				CLANG_ANALYZER_NONNULL = YES;
				CLANG_ANALYZER_NUMBER_OBJECT_CONVERSION = YES_AGGRESSIVE;
				CLANG_CXX_LANGUAGE_STANDARD = "gnu++14";
				CLANG_CXX_LIBRARY = "libc++";
				CLANG_ENABLE_MODULES = YES;
				CLANG_ENABLE_OBJC_ARC = YES;
				CLANG_ENABLE_OBJC_WEAK = YES;
				CLANG_WARN_BLOCK_CAPTURE_AUTORELEASING = YES;
				CLANG_WARN_BOOL_CONVERSION = YES;
				CLANG_WARN_COMMA = YES;
				CLANG_WARN_CONSTANT_CONVERSION = YES;
				CLANG_WARN_DEPRECATED_OBJC_IMPLEMENTATIONS = YES;
				CLANG_WARN_DIRECT_OBJC_ISA_USAGE = YES_ERROR;
				CLANG_WARN_DOCUMENTATION_COMMENTS = YES;
				CLANG_WARN_EMPTY_BODY = YES;
				CLANG_WARN_ENUM_CONVERSION = YES;
				CLANG_WARN_INFINITE_RECURSION = YES;
				CLANG_WARN_INT_CONVERSION = YES;
				CLANG_WARN_NON_LITERAL_NULL_CONVERSION = YES;
				CLANG_WARN_OBJC_IMPLICIT_RETAIN_SELF = YES;
				CLANG_WARN_OBJC_LITERAL_CONVERSION = YES;
				CLANG_WARN_OBJC_ROOT_CLASS = YES_ERROR;
				CLANG_WARN_RANGE_LOOP_ANALYSIS = YES;
				CLANG_WARN_STRICT_PROTOTYPES = YES;
				CLANG_WARN_SUSPICIOUS_MOVE = YES;
				CLANG_WARN_UNGUARDED_AVAILABILITY = YES_AGGRESSIVE;
				CLANG_WARN_UNREACHABLE_CODE = YES;
				CLANG_WARN__DUPLICATE_METHOD_MATCH = YES;
				COPY_PHASE_STRIP = NO;
				DEBUG_INFORMATION_FORMAT = "dwarf-with-dsym";
				ENABLE_NS_ASSERTIONS = NO;
				ENABLE_STRICT_OBJC_MSGSEND = YES;
				GCC_C_LANGUAGE_STANDARD = gnu11;
				GCC_NO_COMMON_BLOCKS = YES;
				GCC_WARN_64_TO_32_BIT_CONVERSION = YES;
				GCC_WARN_ABOUT_RETURN_TYPE = YES_ERROR;
				GCC_WARN_UNDECLARED_SELECTOR = YES;
				GCC_WARN_UNINITIALIZED_AUTOS = YES_AGGRESSIVE;
				GCC_WARN_UNUSED_FUNCTION = YES;
				GCC_WARN_UNUSED_VARIABLE = YES;
				IPHONEOS_DEPLOYMENT_TARGET = 13.1;
				MTL_ENABLE_DEBUG_INFO = NO;
				MTL_FAST_MATH = YES;
				SDKROOT = iphoneos;
				SWIFT_COMPILATION_MODE = wholemodule;
				SWIFT_OPTIMIZATION_LEVEL = "-O";
				VALIDATE_PRODUCT = YES;
			};
			name = Release;
		};
		F7778C462476A19B00A630AD /* Debug */ = {
			isa = XCBuildConfiguration;
			buildSettings = {
				ASSETCATALOG_COMPILER_APPICON_NAME = AppIcon;
				CODE_SIGN_STYLE = Automatic;
				DEVELOPMENT_TEAM = YMGP992CD8;
				INFOPLIST_FILE = SPH/Info.plist;
				LD_RUNPATH_SEARCH_PATHS = (
					"$(inherited)",
					"@executable_path/Frameworks",
				);
				PRODUCT_BUNDLE_IDENTIFIER = io.DerickDev.SPH;
				PRODUCT_NAME = "$(TARGET_NAME)";
				SWIFT_VERSION = 5.0;
				TARGETED_DEVICE_FAMILY = "1,2";
			};
			name = Debug;
		};
		F7778C472476A19B00A630AD /* Release */ = {
			isa = XCBuildConfiguration;
			buildSettings = {
				ASSETCATALOG_COMPILER_APPICON_NAME = AppIcon;
				CODE_SIGN_STYLE = Automatic;
				DEVELOPMENT_TEAM = YMGP992CD8;
				INFOPLIST_FILE = SPH/Info.plist;
				LD_RUNPATH_SEARCH_PATHS = (
					"$(inherited)",
					"@executable_path/Frameworks",
				);
				PRODUCT_BUNDLE_IDENTIFIER = io.DerickDev.SPH;
				PRODUCT_NAME = "$(TARGET_NAME)";
				SWIFT_VERSION = 5.0;
				TARGETED_DEVICE_FAMILY = "1,2";
			};
			name = Release;
		};
		F7778C492476A19B00A630AD /* Debug */ = {
			isa = XCBuildConfiguration;
			buildSettings = {
				ALWAYS_EMBED_SWIFT_STANDARD_LIBRARIES = YES;
				BUNDLE_LOADER = "$(TEST_HOST)";
				CODE_SIGN_STYLE = Automatic;
				DEVELOPMENT_TEAM = YMGP992CD8;
				INFOPLIST_FILE = SPHTests/Info.plist;
				IPHONEOS_DEPLOYMENT_TARGET = 13.1;
				LD_RUNPATH_SEARCH_PATHS = (
					"$(inherited)",
					"@executable_path/Frameworks",
					"@loader_path/Frameworks",
				);
				PRODUCT_BUNDLE_IDENTIFIER = io.DerickDev.SPHTests;
				PRODUCT_NAME = "$(TARGET_NAME)";
				SWIFT_VERSION = 5.0;
				TARGETED_DEVICE_FAMILY = "1,2";
				TEST_HOST = "$(BUILT_PRODUCTS_DIR)/SPH.app/SPH";
			};
			name = Debug;
		};
		F7778C4A2476A19B00A630AD /* Release */ = {
			isa = XCBuildConfiguration;
			buildSettings = {
				ALWAYS_EMBED_SWIFT_STANDARD_LIBRARIES = YES;
				BUNDLE_LOADER = "$(TEST_HOST)";
				CODE_SIGN_STYLE = Automatic;
				DEVELOPMENT_TEAM = YMGP992CD8;
				INFOPLIST_FILE = SPHTests/Info.plist;
				IPHONEOS_DEPLOYMENT_TARGET = 13.1;
				LD_RUNPATH_SEARCH_PATHS = (
					"$(inherited)",
					"@executable_path/Frameworks",
					"@loader_path/Frameworks",
				);
				PRODUCT_BUNDLE_IDENTIFIER = io.DerickDev.SPHTests;
				PRODUCT_NAME = "$(TARGET_NAME)";
				SWIFT_VERSION = 5.0;
				TARGETED_DEVICE_FAMILY = "1,2";
				TEST_HOST = "$(BUILT_PRODUCTS_DIR)/SPH.app/SPH";
			};
			name = Release;
		};
		F7778C4C2476A19B00A630AD /* Debug */ = {
			isa = XCBuildConfiguration;
			buildSettings = {
				ALWAYS_EMBED_SWIFT_STANDARD_LIBRARIES = YES;
				CODE_SIGN_STYLE = Automatic;
				DEVELOPMENT_TEAM = YMGP992CD8;
				INFOPLIST_FILE = SPHUITests/Info.plist;
				LD_RUNPATH_SEARCH_PATHS = (
					"$(inherited)",
					"@executable_path/Frameworks",
					"@loader_path/Frameworks",
				);
				PRODUCT_BUNDLE_IDENTIFIER = io.DerickDev.SPHUITests;
				PRODUCT_NAME = "$(TARGET_NAME)";
				SWIFT_VERSION = 5.0;
				TARGETED_DEVICE_FAMILY = "1,2";
				TEST_TARGET_NAME = SPH;
			};
			name = Debug;
		};
		F7778C4D2476A19B00A630AD /* Release */ = {
			isa = XCBuildConfiguration;
			buildSettings = {
				ALWAYS_EMBED_SWIFT_STANDARD_LIBRARIES = YES;
				CODE_SIGN_STYLE = Automatic;
				DEVELOPMENT_TEAM = YMGP992CD8;
				INFOPLIST_FILE = SPHUITests/Info.plist;
				LD_RUNPATH_SEARCH_PATHS = (
					"$(inherited)",
					"@executable_path/Frameworks",
					"@loader_path/Frameworks",
				);
				PRODUCT_BUNDLE_IDENTIFIER = io.DerickDev.SPHUITests;
				PRODUCT_NAME = "$(TARGET_NAME)";
				SWIFT_VERSION = 5.0;
				TARGETED_DEVICE_FAMILY = "1,2";
				TEST_TARGET_NAME = SPH;
			};
			name = Release;
		};
/* End XCBuildConfiguration section */

/* Begin XCConfigurationList section */
		F7778C162476A19900A630AD /* Build configuration list for PBXProject "SPH" */ = {
			isa = XCConfigurationList;
			buildConfigurations = (
				F7778C432476A19B00A630AD /* Debug */,
				F7778C442476A19B00A630AD /* Release */,
			);
			defaultConfigurationIsVisible = 0;
			defaultConfigurationName = Release;
		};
		F7778C452476A19B00A630AD /* Build configuration list for PBXNativeTarget "SPH" */ = {
			isa = XCConfigurationList;
			buildConfigurations = (
				F7778C462476A19B00A630AD /* Debug */,
				F7778C472476A19B00A630AD /* Release */,
			);
			defaultConfigurationIsVisible = 0;
			defaultConfigurationName = Release;
		};
		F7778C482476A19B00A630AD /* Build configuration list for PBXNativeTarget "SPHTests" */ = {
			isa = XCConfigurationList;
			buildConfigurations = (
				F7778C492476A19B00A630AD /* Debug */,
				F7778C4A2476A19B00A630AD /* Release */,
			);
			defaultConfigurationIsVisible = 0;
			defaultConfigurationName = Release;
		};
		F7778C4B2476A19B00A630AD /* Build configuration list for PBXNativeTarget "SPHUITests" */ = {
			isa = XCConfigurationList;
			buildConfigurations = (
				F7778C4C2476A19B00A630AD /* Debug */,
				F7778C4D2476A19B00A630AD /* Release */,
			);
			defaultConfigurationIsVisible = 0;
			defaultConfigurationName = Release;
		};
/* End XCConfigurationList section */
	};
	rootObject = F7778C132476A19900A630AD /* Project object */;
}
